
Microsoft Visual Studio Solution File, Format Version 12.00
# Visual Studio Version 16
VisualStudioVersion = 16.0.34031.81
MinimumVisualStudioVersion = 10.0.40219.1
Project("{2150E333-8FDC-42A3-9474-1A3956D46DE8}") = "Task0", "Task0", "{E1CF040D-355F-40C5-9D02-2C64EC0A125B}"
EndProject
Project("{FAE04EC0-301F-11D3-BF4B-00C04F79EFBC}") = "Tyuiu.AndreevVY.Sprint5.Task0.V19", "Tyuiu.AndreevVY.Sprint5.Task0.V19\Tyuiu.AndreevVY.Sprint5.Task0.V19.csproj", "{56C6AD06-E6CB-4216-B9CF-8EF6B13EC8DE}"
EndProject
Project("{FAE04EC0-301F-11D3-BF4B-00C04F79EFBC}") = "Tyuiu.AndreevVY.Sprint5.Task0.V19.Lib", "Tyuiu.AndreevVY.Sprint5.Task0.V19.Lib\Tyuiu.AndreevVY.Sprint5.Task0.V19.Lib.csproj", "{9FF09642-0D8B-47A3-A9DA-87B2F1E9C6BF}"
EndProject
Project("{FAE04EC0-301F-11D3-BF4B-00C04F79EFBC}") = "Tyuiu.AndreevVY.Sprint5.Task0.V19.Test", "Tyuiu.AndreevVY.Sprint5.Task0.V19.Test\Tyuiu.AndreevVY.Sprint5.Task0.V19.Test.csproj", "{25280425-383A-4D30-A5AF-A41549A908D7}"
EndProject
Project("{2150E333-8FDC-42A3-9474-1A3956D46DE8}") = "Task4", "Task4", "{DAC74F17-A00A-4067-A8E0-0B342DF12D01}"
EndProject
Project("{FAE04EC0-301F-11D3-BF4B-00C04F79EFBC}") = "Tyuiu.AndreevVY.Sprint5.Task4.V24", "Tyuiu.AndreevVY.Sprint5.Task4.V24\Tyuiu.AndreevVY.Sprint5.Task4.V24.csproj", "{8BD2CCED-A6FE-4A5B-AB73-420487ECF32B}"
EndProject
Project("{FAE04EC0-301F-11D3-BF4B-00C04F79EFBC}") = "Tyuiu.AndreevVY.Sprint5.Task4.V24.Lib", "Tyuiu.AndreevVY.Sprint5.Task4.V24.Lib\Tyuiu.AndreevVY.Sprint5.Task4.V24.Lib.csproj", "{CCBA0943-AFEE-4D8C-AE05-5EFF15C07FD1}"
EndProject
Project("{FAE04EC0-301F-11D3-BF4B-00C04F79EFBC}") = "Tyuiu.AndreevVY.Sprint5.Task4.V24.Test", "Tyuiu.AndreevVY.Sprint5.Task4.V24.Test\Tyuiu.AndreevVY.Sprint5.Task4.V24.Test.csproj", "{B52ED8AA-4C68-4580-931D-6EF261AE666E}"
EndProject
Project("{2150E333-8FDC-42A3-9474-1A3956D46DE8}") = "Task5", "Task5", "{FA5196E4-9DA0-4061-BF2A-495857643F1B}"
EndProject
Project("{FAE04EC0-301F-11D3-BF4B-00C04F79EFBC}") = "Tyuiu.AndreevVY.Sprint5.Task5.V28", "Tyuiu.AndreevVY.Sprint5.Task5.V28\Tyuiu.AndreevVY.Sprint5.Task5.V28.csproj", "{E471BEE6-EA8A-4D1D-8E67-E4564EE96C4F}"
EndProject
Project("{FAE04EC0-301F-11D3-BF4B-00C04F79EFBC}") = "Tyuiu.AndreevVY.Sprint5.Task5.V28.Lib", "Tyuiu.AndreevVY.Sprint5.Task5.V28.Lib\Tyuiu.AndreevVY.Sprint5.Task5.V28.Lib.csproj", "{4F04D80B-EFBA-475F-983A-CCB2E236A56A}"
EndProject
Project("{FAE04EC0-301F-11D3-BF4B-00C04F79EFBC}") = "Tyuiu.AndreevVY.Sprint5.Task5.V28.Test", "Tyuiu.AndreevVY.Sprint5.Task5.V28.Test\Tyuiu.AndreevVY.Sprint5.Task5.V28.Test.csproj", "{7E054618-DE8B-459C-9FE0-FAA6575E7EB3}"
EndProject
Project("{2150E333-8FDC-42A3-9474-1A3956D46DE8}") = "Task6", "Task6", "{22347513-E532-4279-BE0E-CB94161244B6}"
EndProject
Project("{FAE04EC0-301F-11D3-BF4B-00C04F79EFBC}") = "Tyuiu.AndreevVY.Sprint5.Task6.V23", "Tyuiu.AndreevVY.Sprint5.Task6.V23\Tyuiu.AndreevVY.Sprint5.Task6.V23.csproj", "{7990F655-DC83-4D63-AE59-FF5236CA01D1}"
EndProject
Project("{FAE04EC0-301F-11D3-BF4B-00C04F79EFBC}") = "Tyuiu.AndreevVY.Sprint5.Task6.V23.Lib", "Tyuiu.AndreevVY.Sprint5.Task6.V23.Lib\Tyuiu.AndreevVY.Sprint5.Task6.V23.Lib.csproj", "{4B7A5872-FCA7-4202-938B-9E0D11638C90}"
EndProject
Project("{FAE04EC0-301F-11D3-BF4B-00C04F79EFBC}") = "Tyuiu.AndreevVY.Sprint5.Task6.V23.Test", "Tyuiu.AndreevVY.Sprint5.Task6.V23.Test\Tyuiu.AndreevVY.Sprint5.Task6.V23.Test.csproj", "{F16B682A-E469-40EA-836B-D22D81BE229B}"
EndProject
Project("{2150E333-8FDC-42A3-9474-1A3956D46DE8}") = "Task7", "Task7", "{8F12B1CD-AEF0-4215-8134-607938816C25}"
EndProject
Project("{FAE04EC0-301F-11D3-BF4B-00C04F79EFBC}") = "Tyuiu.AndreevVY.Sprint5.Task7.V21", "Tyuiu.AndreevVY.Sprint5.Task7.V21\Tyuiu.AndreevVY.Sprint5.Task7.V21.csproj", "{B32367C9-E6E8-43AE-B478-E96FABC5BEFF}"
EndProject
Project("{FAE04EC0-301F-11D3-BF4B-00C04F79EFBC}") = "Tyuiu.AndreevVY.Sprint5.Task7.V21.Lib", "Tyuiu.AndreevVY.Sprint5.Task7.V21.Lib\Tyuiu.AndreevVY.Sprint5.Task7.V21.Lib.csproj", "{C8FF3191-D04E-46CF-B712-B39BCBAB2EBA}"
EndProject
Project("{FAE04EC0-301F-11D3-BF4B-00C04F79EFBC}") = "Tyuiu.AndreevVY.Sprint5.Task7.V21.Test", "Tyuiu.AndreevVY.Sprint5.Task7.V21.Test\Tyuiu.AndreevVY.Sprint5.Task7.V21.Test.csproj", "{F67CC125-EDF0-4355-B670-57D7B44CBBE5}"
EndProject
Project("{2150E333-8FDC-42A3-9474-1A3956D46DE8}") = "Task1", "Task1", "{D6AFF56B-5B84-44C3-934E-6F0589138818}"
EndProject
Project("{FAE04EC0-301F-11D3-BF4B-00C04F79EFBC}") = "Tyuiu.AndreevVY.Sprint5.Task1.V23", "Tyuiu.AndreevVY.Sprint5.Task1.V23\Tyuiu.AndreevVY.Sprint5.Task1.V23.csproj", "{1F84C7E6-623E-470F-988C-188DA1CAE56B}"
EndProject
Project("{FAE04EC0-301F-11D3-BF4B-00C04F79EFBC}") = "Tyuiu.AndreevVY.Sprint5.Task1.V23.Lib", "Tyuiu.AndreevVY.Sprint5.Task1.V23.Lib\Tyuiu.AndreevVY.Sprint5.Task1.V23.Lib.csproj", "{D87D83E8-E71C-4E4F-854A-8929A5CEB4C1}"
EndProject
Project("{FAE04EC0-301F-11D3-BF4B-00C04F79EFBC}") = "Tyuiu.AndreevVY.Sprint5.Task1.V23.Test", "Tyuiu.AndreevVY.Sprint5.Task1.V23.Test\Tyuiu.AndreevVY.Sprint5.Task1.V23.Test.csproj", "{BC9E7A57-BFC3-461D-974D-C5AFB7E3D258}"
EndProject
Project("{2150E333-8FDC-42A3-9474-1A3956D46DE8}") = "Task2", "Task2", "{2DA1FEBA-1D67-4C6B-9BBF-24C2DB1EB81F}"
EndProject
Project("{FAE04EC0-301F-11D3-BF4B-00C04F79EFBC}") = "Tyuiu.AndreevVY.Sprint5.Task2.V27", "Tyuiu.AndreevVY.Sprint5.Task2.V27\Tyuiu.AndreevVY.Sprint5.Task2.V27.csproj", "{0F1C5B78-52E3-40D6-AF87-847D66CC6CFA}"
EndProject
Project("{FAE04EC0-301F-11D3-BF4B-00C04F79EFBC}") = "Tyuiu.AndreevVY.Sprint5.Task2.V27.Lib", "Tyuiu.AndreevVY.Sprint5.Task2.V27.Lib\Tyuiu.AndreevVY.Sprint5.Task2.V27.Lib.csproj", "{F38B7884-823D-4A76-8B5E-54B49B3CB3F3}"
EndProject
Project("{FAE04EC0-301F-11D3-BF4B-00C04F79EFBC}") = "Tyuiu.AndreevVY.Sprint5.Task2.V27.Test", "Tyuiu.AndreevVY.Sprint5.Task2.V27.Test\Tyuiu.AndreevVY.Sprint5.Task2.V27.Test.csproj", "{6E1BE165-8F67-4C25-9769-8CC6C041990D}"
EndProject
Global
	GlobalSection(SolutionConfigurationPlatforms) = preSolution
		Debug|Any CPU = Debug|Any CPU
		Release|Any CPU = Release|Any CPU
	EndGlobalSection
	GlobalSection(ProjectConfigurationPlatforms) = postSolution
		{56C6AD06-E6CB-4216-B9CF-8EF6B13EC8DE}.Debug|Any CPU.ActiveCfg = Debug|Any CPU
		{56C6AD06-E6CB-4216-B9CF-8EF6B13EC8DE}.Debug|Any CPU.Build.0 = Debug|Any CPU
		{56C6AD06-E6CB-4216-B9CF-8EF6B13EC8DE}.Release|Any CPU.ActiveCfg = Release|Any CPU
		{56C6AD06-E6CB-4216-B9CF-8EF6B13EC8DE}.Release|Any CPU.Build.0 = Release|Any CPU
		{9FF09642-0D8B-47A3-A9DA-87B2F1E9C6BF}.Debug|Any CPU.ActiveCfg = Debug|Any CPU
		{9FF09642-0D8B-47A3-A9DA-87B2F1E9C6BF}.Debug|Any CPU.Build.0 = Debug|Any CPU
		{9FF09642-0D8B-47A3-A9DA-87B2F1E9C6BF}.Release|Any CPU.ActiveCfg = Release|Any CPU
		{9FF09642-0D8B-47A3-A9DA-87B2F1E9C6BF}.Release|Any CPU.Build.0 = Release|Any CPU
		{25280425-383A-4D30-A5AF-A41549A908D7}.Debug|Any CPU.ActiveCfg = Debug|Any CPU
		{25280425-383A-4D30-A5AF-A41549A908D7}.Debug|Any CPU.Build.0 = Debug|Any CPU
		{25280425-383A-4D30-A5AF-A41549A908D7}.Release|Any CPU.ActiveCfg = Release|Any CPU
		{25280425-383A-4D30-A5AF-A41549A908D7}.Release|Any CPU.Build.0 = Release|Any CPU
		{8BD2CCED-A6FE-4A5B-AB73-420487ECF32B}.Debug|Any CPU.ActiveCfg = Debug|Any CPU
		{8BD2CCED-A6FE-4A5B-AB73-420487ECF32B}.Debug|Any CPU.Build.0 = Debug|Any CPU
		{8BD2CCED-A6FE-4A5B-AB73-420487ECF32B}.Release|Any CPU.ActiveCfg = Release|Any CPU
		{8BD2CCED-A6FE-4A5B-AB73-420487ECF32B}.Release|Any CPU.Build.0 = Release|Any CPU
		{CCBA0943-AFEE-4D8C-AE05-5EFF15C07FD1}.Debug|Any CPU.ActiveCfg = Debug|Any CPU
		{CCBA0943-AFEE-4D8C-AE05-5EFF15C07FD1}.Debug|Any CPU.Build.0 = Debug|Any CPU
		{CCBA0943-AFEE-4D8C-AE05-5EFF15C07FD1}.Release|Any CPU.ActiveCfg = Release|Any CPU
		{CCBA0943-AFEE-4D8C-AE05-5EFF15C07FD1}.Release|Any CPU.Build.0 = Release|Any CPU
		{B52ED8AA-4C68-4580-931D-6EF261AE666E}.Debug|Any CPU.ActiveCfg = Debug|Any CPU
		{B52ED8AA-4C68-4580-931D-6EF261AE666E}.Debug|Any CPU.Build.0 = Debug|Any CPU
		{B52ED8AA-4C68-4580-931D-6EF261AE666E}.Release|Any CPU.ActiveCfg = Release|Any CPU
		{B52ED8AA-4C68-4580-931D-6EF261AE666E}.Release|Any CPU.Build.0 = Release|Any CPU
		{E471BEE6-EA8A-4D1D-8E67-E4564EE96C4F}.Debug|Any CPU.ActiveCfg = Debug|Any CPU
		{E471BEE6-EA8A-4D1D-8E67-E4564EE96C4F}.Debug|Any CPU.Build.0 = Debug|Any CPU
		{E471BEE6-EA8A-4D1D-8E67-E4564EE96C4F}.Release|Any CPU.ActiveCfg = Release|Any CPU
		{E471BEE6-EA8A-4D1D-8E67-E4564EE96C4F}.Release|Any CPU.Build.0 = Release|Any CPU
		{4F04D80B-EFBA-475F-983A-CCB2E236A56A}.Debug|Any CPU.ActiveCfg = Debug|Any CPU
		{4F04D80B-EFBA-475F-983A-CCB2E236A56A}.Debug|Any CPU.Build.0 = Debug|Any CPU
		{4F04D80B-EFBA-475F-983A-CCB2E236A56A}.Release|Any CPU.ActiveCfg = Release|Any CPU
		{4F04D80B-EFBA-475F-983A-CCB2E236A56A}.Release|Any CPU.Build.0 = Release|Any CPU
		{7E054618-DE8B-459C-9FE0-FAA6575E7EB3}.Debug|Any CPU.ActiveCfg = Debug|Any CPU
		{7E054618-DE8B-459C-9FE0-FAA6575E7EB3}.Debug|Any CPU.Build.0 = Debug|Any CPU
		{7E054618-DE8B-459C-9FE0-FAA6575E7EB3}.Release|Any CPU.ActiveCfg = Release|Any CPU
		{7E054618-DE8B-459C-9FE0-FAA6575E7EB3}.Release|Any CPU.Build.0 = Release|Any CPU
		{7990F655-DC83-4D63-AE59-FF5236CA01D1}.Debug|Any CPU.ActiveCfg = Debug|Any CPU
		{7990F655-DC83-4D63-AE59-FF5236CA01D1}.Debug|Any CPU.Build.0 = Debug|Any CPU
		{7990F655-DC83-4D63-AE59-FF5236CA01D1}.Release|Any CPU.ActiveCfg = Release|Any CPU
		{7990F655-DC83-4D63-AE59-FF5236CA01D1}.Release|Any CPU.Build.0 = Release|Any CPU
		{4B7A5872-FCA7-4202-938B-9E0D11638C90}.Debug|Any CPU.ActiveCfg = Debug|Any CPU
		{4B7A5872-FCA7-4202-938B-9E0D11638C90}.Debug|Any CPU.Build.0 = Debug|Any CPU
		{4B7A5872-FCA7-4202-938B-9E0D11638C90}.Release|Any CPU.ActiveCfg = Release|Any CPU
		{4B7A5872-FCA7-4202-938B-9E0D11638C90}.Release|Any CPU.Build.0 = Release|Any CPU
		{F16B682A-E469-40EA-836B-D22D81BE229B}.Debug|Any CPU.ActiveCfg = Debug|Any CPU
		{F16B682A-E469-40EA-836B-D22D81BE229B}.Debug|Any CPU.Build.0 = Debug|Any CPU
		{F16B682A-E469-40EA-836B-D22D81BE229B}.Release|Any CPU.ActiveCfg = Release|Any CPU
		{F16B682A-E469-40EA-836B-D22D81BE229B}.Release|Any CPU.Build.0 = Release|Any CPU
		{B32367C9-E6E8-43AE-B478-E96FABC5BEFF}.Debug|Any CPU.ActiveCfg = Debug|Any CPU
		{B32367C9-E6E8-43AE-B478-E96FABC5BEFF}.Debug|Any CPU.Build.0 = Debug|Any CPU
		{B32367C9-E6E8-43AE-B478-E96FABC5BEFF}.Release|Any CPU.ActiveCfg = Release|Any CPU
		{B32367C9-E6E8-43AE-B478-E96FABC5BEFF}.Release|Any CPU.Build.0 = Release|Any CPU
		{C8FF3191-D04E-46CF-B712-B39BCBAB2EBA}.Debug|Any CPU.ActiveCfg = Debug|Any CPU
		{C8FF3191-D04E-46CF-B712-B39BCBAB2EBA}.Debug|Any CPU.Build.0 = Debug|Any CPU
		{C8FF3191-D04E-46CF-B712-B39BCBAB2EBA}.Release|Any CPU.ActiveCfg = Release|Any CPU
		{C8FF3191-D04E-46CF-B712-B39BCBAB2EBA}.Release|Any CPU.Build.0 = Release|Any CPU
		{F67CC125-EDF0-4355-B670-57D7B44CBBE5}.Debug|Any CPU.ActiveCfg = Debug|Any CPU
		{F67CC125-EDF0-4355-B670-57D7B44CBBE5}.Debug|Any CPU.Build.0 = Debug|Any CPU
		{F67CC125-EDF0-4355-B670-57D7B44CBBE5}.Release|Any CPU.ActiveCfg = Release|Any CPU
		{F67CC125-EDF0-4355-B670-57D7B44CBBE5}.Release|Any CPU.Build.0 = Release|Any CPU
		{1F84C7E6-623E-470F-988C-188DA1CAE56B}.Debug|Any CPU.ActiveCfg = Debug|Any CPU
		{1F84C7E6-623E-470F-988C-188DA1CAE56B}.Debug|Any CPU.Build.0 = Debug|Any CPU
		{1F84C7E6-623E-470F-988C-188DA1CAE56B}.Release|Any CPU.ActiveCfg = Release|Any CPU
		{1F84C7E6-623E-470F-988C-188DA1CAE56B}.Release|Any CPU.Build.0 = Release|Any CPU
		{D87D83E8-E71C-4E4F-854A-8929A5CEB4C1}.Debug|Any CPU.ActiveCfg = Debug|Any CPU
		{D87D83E8-E71C-4E4F-854A-8929A5CEB4C1}.Debug|Any CPU.Build.0 = Debug|Any CPU
		{D87D83E8-E71C-4E4F-854A-8929A5CEB4C1}.Release|Any CPU.ActiveCfg = Release|Any CPU
		{D87D83E8-E71C-4E4F-854A-8929A5CEB4C1}.Release|Any CPU.Build.0 = Release|Any CPU
		{BC9E7A57-BFC3-461D-974D-C5AFB7E3D258}.Debug|Any CPU.ActiveCfg = Debug|Any CPU
		{BC9E7A57-BFC3-461D-974D-C5AFB7E3D258}.Debug|Any CPU.Build.0 = Debug|Any CPU
		{BC9E7A57-BFC3-461D-974D-C5AFB7E3D258}.Release|Any CPU.ActiveCfg = Release|Any CPU
		{BC9E7A57-BFC3-461D-974D-C5AFB7E3D258}.Release|Any CPU.Build.0 = Release|Any CPU
		{0F1C5B78-52E3-40D6-AF87-847D66CC6CFA}.Debug|Any CPU.ActiveCfg = Debug|Any CPU
		{0F1C5B78-52E3-40D6-AF87-847D66CC6CFA}.Debug|Any CPU.Build.0 = Debug|Any CPU
		{0F1C5B78-52E3-40D6-AF87-847D66CC6CFA}.Release|Any CPU.ActiveCfg = Release|Any CPU
		{0F1C5B78-52E3-40D6-AF87-847D66CC6CFA}.Release|Any CPU.Build.0 = Release|Any CPU
		{F38B7884-823D-4A76-8B5E-54B49B3CB3F3}.Debug|Any CPU.ActiveCfg = Debug|Any CPU
		{F38B7884-823D-4A76-8B5E-54B49B3CB3F3}.Debug|Any CPU.Build.0 = Debug|Any CPU
		{F38B7884-823D-4A76-8B5E-54B49B3CB3F3}.Release|Any CPU.ActiveCfg = Release|Any CPU
		{F38B7884-823D-4A76-8B5E-54B49B3CB3F3}.Release|Any CPU.Build.0 = Release|Any CPU
		{6E1BE165-8F67-4C25-9769-8CC6C041990D}.Debug|Any CPU.ActiveCfg = Debug|Any CPU
		{6E1BE165-8F67-4C25-9769-8CC6C041990D}.Debug|Any CPU.Build.0 = Debug|Any CPU
		{6E1BE165-8F67-4C25-9769-8CC6C041990D}.Release|Any CPU.ActiveCfg = Release|Any CPU
		{6E1BE165-8F67-4C25-9769-8CC6C041990D}.Release|Any CPU.Build.0 = Release|Any CPU
	EndGlobalSection
	GlobalSection(SolutionProperties) = preSolution
		HideSolutionNode = FALSE
	EndGlobalSection
	GlobalSection(NestedProjects) = preSolution
		{56C6AD06-E6CB-4216-B9CF-8EF6B13EC8DE} = {E1CF040D-355F-40C5-9D02-2C64EC0A125B}
		{9FF09642-0D8B-47A3-A9DA-87B2F1E9C6BF} = {E1CF040D-355F-40C5-9D02-2C64EC0A125B}
		{25280425-383A-4D30-A5AF-A41549A908D7} = {E1CF040D-355F-40C5-9D02-2C64EC0A125B}
		{8BD2CCED-A6FE-4A5B-AB73-420487ECF32B} = {DAC74F17-A00A-4067-A8E0-0B342DF12D01}
		{CCBA0943-AFEE-4D8C-AE05-5EFF15C07FD1} = {DAC74F17-A00A-4067-A8E0-0B342DF12D01}
		{B52ED8AA-4C68-4580-931D-6EF261AE666E} = {DAC74F17-A00A-4067-A8E0-0B342DF12D01}
		{E471BEE6-EA8A-4D1D-8E67-E4564EE96C4F} = {FA5196E4-9DA0-4061-BF2A-495857643F1B}
		{4F04D80B-EFBA-475F-983A-CCB2E236A56A} = {FA5196E4-9DA0-4061-BF2A-495857643F1B}
		{7E054618-DE8B-459C-9FE0-FAA6575E7EB3} = {FA5196E4-9DA0-4061-BF2A-495857643F1B}
		{7990F655-DC83-4D63-AE59-FF5236CA01D1} = {22347513-E532-4279-BE0E-CB94161244B6}
		{4B7A5872-FCA7-4202-938B-9E0D11638C90} = {22347513-E532-4279-BE0E-CB94161244B6}
		{F16B682A-E469-40EA-836B-D22D81BE229B} = {22347513-E532-4279-BE0E-CB94161244B6}
		{B32367C9-E6E8-43AE-B478-E96FABC5BEFF} = {8F12B1CD-AEF0-4215-8134-607938816C25}
		{C8FF3191-D04E-46CF-B712-B39BCBAB2EBA} = {8F12B1CD-AEF0-4215-8134-607938816C25}
		{F67CC125-EDF0-4355-B670-57D7B44CBBE5} = {8F12B1CD-AEF0-4215-8134-607938816C25}
		{1F84C7E6-623E-470F-988C-188DA1CAE56B} = {D6AFF56B-5B84-44C3-934E-6F0589138818}
		{D87D83E8-E71C-4E4F-854A-8929A5CEB4C1} = {D6AFF56B-5B84-44C3-934E-6F0589138818}
		{BC9E7A57-BFC3-461D-974D-C5AFB7E3D258} = {D6AFF56B-5B84-44C3-934E-6F0589138818}
		{0F1C5B78-52E3-40D6-AF87-847D66CC6CFA} = {2DA1FEBA-1D67-4C6B-9BBF-24C2DB1EB81F}
		{F38B7884-823D-4A76-8B5E-54B49B3CB3F3} = {2DA1FEBA-1D67-4C6B-9BBF-24C2DB1EB81F}
		{6E1BE165-8F67-4C25-9769-8CC6C041990D} = {2DA1FEBA-1D67-4C6B-9BBF-24C2DB1EB81F}
	EndGlobalSection
	GlobalSection(ExtensibilityGlobals) = postSolution
		SolutionGuid = {DF5BE070-2889-4E97-B13E-FBFA7A9398D3}
	EndGlobalSection
EndGlobal
