
Microsoft Visual Studio Solution File, Format Version 12.00
# Visual Studio Version 16
VisualStudioVersion = 16.0.34031.81
MinimumVisualStudioVersion = 10.0.40219.1
Project("{2150E333-8FDC-42A3-9474-1A3956D46DE8}") = "Task0", "Task0", "{E1CF040D-355F-40C5-9D02-2C64EC0A125B}"
EndProject
Project("{FAE04EC0-301F-11D3-BF4B-00C04F79EFBC}") = "Tyuiu.AndreevVY.Sprint5.Task0.V19", "Tyuiu.AndreevVY.Sprint5.Task0.V19\Tyuiu.AndreevVY.Sprint5.Task0.V19.csproj", "{56C6AD06-E6CB-4216-B9CF-8EF6B13EC8DE}"
EndProject
Project("{FAE04EC0-301F-11D3-BF4B-00C04F79EFBC}") = "Tyuiu.AndreevVY.Sprint5.Task0.V19.Lib", "Tyuiu.AndreevVY.Sprint5.Task0.V19.Lib\Tyuiu.AndreevVY.Sprint5.Task0.V19.Lib.csproj", "{9FF09642-0D8B-47A3-A9DA-87B2F1E9C6BF}"
EndProject
Project("{FAE04EC0-301F-11D3-BF4B-00C04F79EFBC}") = "Tyuiu.AndreevVY.Sprint5.Task0.V19.Test", "Tyuiu.AndreevVY.Sprint5.Task0.V19.Test\Tyuiu.AndreevVY.Sprint5.Task0.V19.Test.csproj", "{25280425-383A-4D30-A5AF-A41549A908D7}"
EndProject
Global
	GlobalSection(SolutionConfigurationPlatforms) = preSolution
		Debug|Any CPU = Debug|Any CPU
		Release|Any CPU = Release|Any CPU
	EndGlobalSection
	GlobalSection(ProjectConfigurationPlatforms) = postSolution
		{56C6AD06-E6CB-4216-B9CF-8EF6B13EC8DE}.Debug|Any CPU.ActiveCfg = Debug|Any CPU
		{56C6AD06-E6CB-4216-B9CF-8EF6B13EC8DE}.Debug|Any CPU.Build.0 = Debug|Any CPU
		{56C6AD06-E6CB-4216-B9CF-8EF6B13EC8DE}.Release|Any CPU.ActiveCfg = Release|Any CPU
		{56C6AD06-E6CB-4216-B9CF-8EF6B13EC8DE}.Release|Any CPU.Build.0 = Release|Any CPU
		{9FF09642-0D8B-47A3-A9DA-87B2F1E9C6BF}.Debug|Any CPU.ActiveCfg = Debug|Any CPU
		{9FF09642-0D8B-47A3-A9DA-87B2F1E9C6BF}.Debug|Any CPU.Build.0 = Debug|Any CPU
		{9FF09642-0D8B-47A3-A9DA-87B2F1E9C6BF}.Release|Any CPU.ActiveCfg = Release|Any CPU
		{9FF09642-0D8B-47A3-A9DA-87B2F1E9C6BF}.Release|Any CPU.Build.0 = Release|Any CPU
		{25280425-383A-4D30-A5AF-A41549A908D7}.Debug|Any CPU.ActiveCfg = Debug|Any CPU
		{25280425-383A-4D30-A5AF-A41549A908D7}.Debug|Any CPU.Build.0 = Debug|Any CPU
		{25280425-383A-4D30-A5AF-A41549A908D7}.Release|Any CPU.ActiveCfg = Release|Any CPU
		{25280425-383A-4D30-A5AF-A41549A908D7}.Release|Any CPU.Build.0 = Release|Any CPU
	EndGlobalSection
	GlobalSection(SolutionProperties) = preSolution
		HideSolutionNode = FALSE
	EndGlobalSection
	GlobalSection(NestedProjects) = preSolution
		{56C6AD06-E6CB-4216-B9CF-8EF6B13EC8DE} = {E1CF040D-355F-40C5-9D02-2C64EC0A125B}
		{9FF09642-0D8B-47A3-A9DA-87B2F1E9C6BF} = {E1CF040D-355F-40C5-9D02-2C64EC0A125B}
		{25280425-383A-4D30-A5AF-A41549A908D7} = {E1CF040D-355F-40C5-9D02-2C64EC0A125B}
	EndGlobalSection
	GlobalSection(ExtensibilityGlobals) = postSolution
		SolutionGuid = {DF5BE070-2889-4E97-B13E-FBFA7A9398D3}
	EndGlobalSection
EndGlobal
